// !$*UTF8*$!
{
	archiveVersion = 1;
	classes = {
	};
	objectVersion = 56;
	objects = {

/* Begin PBXBuildFile section */
		D26E6F482BAC2434001C797C /* AppDelegate.swift in Sources */ = {isa = PBXBuildFile; fileRef = D26E6F472BAC2434001C797C /* AppDelegate.swift */; };
		D26E6F4A2BAC2434001C797C /* SceneDelegate.swift in Sources */ = {isa = PBXBuildFile; fileRef = D26E6F492BAC2434001C797C /* SceneDelegate.swift */; };
		D26E6F4C2BAC2434001C797C /* ViewController.swift in Sources */ = {isa = PBXBuildFile; fileRef = D26E6F4B2BAC2434001C797C /* ViewController.swift */; };
		D26E6F4F2BAC2435001C797C /* Main.storyboard in Resources */ = {isa = PBXBuildFile; fileRef = D26E6F4D2BAC2435001C797C /* Main.storyboard */; };
		D26E6F512BAC2436001C797C /* Assets.xcassets in Resources */ = {isa = PBXBuildFile; fileRef = D26E6F502BAC2436001C797C /* Assets.xcassets */; };
		D26E6F542BAC2436001C797C /* LaunchScreen.storyboard in Resources */ = {isa = PBXBuildFile; fileRef = D26E6F522BAC2436001C797C /* LaunchScreen.storyboard */; };
		D26E6F5C2BAC24C2001C797C /* MainViewController.swift in Sources */ = {isa = PBXBuildFile; fileRef = D26E6F5B2BAC24C2001C797C /* MainViewController.swift */; };
		D26E6F5F2BAC2566001C797C /* UIView+Extensions.swift in Sources */ = {isa = PBXBuildFile; fileRef = D26E6F5E2BAC2566001C797C /* UIView+Extensions.swift */; };
		D26E6F612BAC258D001C797C /* UIViewController+Extensions.swift in Sources */ = {isa = PBXBuildFile; fileRef = D26E6F602BAC258D001C797C /* UIViewController+Extensions.swift */; };
		D26E6F632BAC2BB1001C797C /* UIImageView+Extensions.swift in Sources */ = {isa = PBXBuildFile; fileRef = D26E6F622BAC2BB1001C797C /* UIImageView+Extensions.swift */; };
		D26E6F672BAC2DE0001C797C /* GiphyResponse.swift in Sources */ = {isa = PBXBuildFile; fileRef = D26E6F662BAC2DE0001C797C /* GiphyResponse.swift */; };
		D26E6F692BAC318E001C797C /* GiphyLoaderService.swift in Sources */ = {isa = PBXBuildFile; fileRef = D26E6F682BAC318E001C797C /* GiphyLoaderService.swift */; };
		D26E6F6C2BAC3644001C797C /* GiphyViewModel.swift in Sources */ = {isa = PBXBuildFile; fileRef = D26E6F6B2BAC3644001C797C /* GiphyViewModel.swift */; };
		D26E6F6F2BAC6D34001C797C /* DebugLogger.swift in Sources */ = {isa = PBXBuildFile; fileRef = D26E6F6E2BAC6D34001C797C /* DebugLogger.swift */; };
		D26E6F712BAC6D6E001C797C /* LogPlace.swift in Sources */ = {isa = PBXBuildFile; fileRef = D26E6F702BAC6D6E001C797C /* LogPlace.swift */; };
		D26E6F732BAC6D8A001C797C /* LogType.swift in Sources */ = {isa = PBXBuildFile; fileRef = D26E6F722BAC6D8A001C797C /* LogType.swift */; };
		D26E6F772BAC6DC8001C797C /* LinkBuilder.swift in Sources */ = {isa = PBXBuildFile; fileRef = D26E6F762BAC6DC8001C797C /* LinkBuilder.swift */; };
		D26E6F792BAC8434001C797C /* GiphyViewCell.swift in Sources */ = {isa = PBXBuildFile; fileRef = D26E6F782BAC8434001C797C /* GiphyViewCell.swift */; };
/* End PBXBuildFile section */

/* Begin PBXFileReference section */
		D26E6F442BAC2434001C797C /* ChiliLabsTestTask.app */ = {isa = PBXFileReference; explicitFileType = wrapper.application; includeInIndex = 0; path = ChiliLabsTestTask.app; sourceTree = BUILT_PRODUCTS_DIR; };
		D26E6F472BAC2434001C797C /* AppDelegate.swift */ = {isa = PBXFileReference; lastKnownFileType = sourcecode.swift; path = AppDelegate.swift; sourceTree = "<group>"; };
		D26E6F492BAC2434001C797C /* SceneDelegate.swift */ = {isa = PBXFileReference; lastKnownFileType = sourcecode.swift; path = SceneDelegate.swift; sourceTree = "<group>"; };
		D26E6F4B2BAC2434001C797C /* ViewController.swift */ = {isa = PBXFileReference; lastKnownFileType = sourcecode.swift; path = ViewController.swift; sourceTree = "<group>"; };
		D26E6F4E2BAC2435001C797C /* Base */ = {isa = PBXFileReference; lastKnownFileType = file.storyboard; name = Base; path = Base.lproj/Main.storyboard; sourceTree = "<group>"; };
		D26E6F502BAC2436001C797C /* Assets.xcassets */ = {isa = PBXFileReference; lastKnownFileType = folder.assetcatalog; path = Assets.xcassets; sourceTree = "<group>"; };
		D26E6F532BAC2436001C797C /* Base */ = {isa = PBXFileReference; lastKnownFileType = file.storyboard; name = Base; path = Base.lproj/LaunchScreen.storyboard; sourceTree = "<group>"; };
		D26E6F552BAC2436001C797C /* Info.plist */ = {isa = PBXFileReference; lastKnownFileType = text.plist.xml; path = Info.plist; sourceTree = "<group>"; };
		D26E6F5B2BAC24C2001C797C /* MainViewController.swift */ = {isa = PBXFileReference; lastKnownFileType = sourcecode.swift; path = MainViewController.swift; sourceTree = "<group>"; };
		D26E6F5E2BAC2566001C797C /* UIView+Extensions.swift */ = {isa = PBXFileReference; lastKnownFileType = sourcecode.swift; path = "UIView+Extensions.swift"; sourceTree = "<group>"; };
		D26E6F602BAC258D001C797C /* UIViewController+Extensions.swift */ = {isa = PBXFileReference; lastKnownFileType = sourcecode.swift; path = "UIViewController+Extensions.swift"; sourceTree = "<group>"; };
		D26E6F622BAC2BB1001C797C /* UIImageView+Extensions.swift */ = {isa = PBXFileReference; lastKnownFileType = sourcecode.swift; path = "UIImageView+Extensions.swift"; sourceTree = "<group>"; };
		D26E6F662BAC2DE0001C797C /* GiphyResponse.swift */ = {isa = PBXFileReference; lastKnownFileType = sourcecode.swift; path = GiphyResponse.swift; sourceTree = "<group>"; };
		D26E6F682BAC318E001C797C /* GiphyLoaderService.swift */ = {isa = PBXFileReference; lastKnownFileType = sourcecode.swift; path = GiphyLoaderService.swift; sourceTree = "<group>"; };
		D26E6F6B2BAC3644001C797C /* GiphyViewModel.swift */ = {isa = PBXFileReference; lastKnownFileType = sourcecode.swift; path = GiphyViewModel.swift; sourceTree = "<group>"; };
		D26E6F6E2BAC6D34001C797C /* DebugLogger.swift */ = {isa = PBXFileReference; lastKnownFileType = sourcecode.swift; path = DebugLogger.swift; sourceTree = "<group>"; };
		D26E6F702BAC6D6E001C797C /* LogPlace.swift */ = {isa = PBXFileReference; lastKnownFileType = sourcecode.swift; path = LogPlace.swift; sourceTree = "<group>"; };
		D26E6F722BAC6D8A001C797C /* LogType.swift */ = {isa = PBXFileReference; lastKnownFileType = sourcecode.swift; path = LogType.swift; sourceTree = "<group>"; };
		D26E6F762BAC6DC8001C797C /* LinkBuilder.swift */ = {isa = PBXFileReference; lastKnownFileType = sourcecode.swift; path = LinkBuilder.swift; sourceTree = "<group>"; };
		D26E6F782BAC8434001C797C /* GiphyViewCell.swift */ = {isa = PBXFileReference; lastKnownFileType = sourcecode.swift; path = GiphyViewCell.swift; sourceTree = "<group>"; };
/* End PBXFileReference section */

/* Begin PBXFrameworksBuildPhase section */
		D26E6F412BAC2434001C797C /* Frameworks */ = {
			isa = PBXFrameworksBuildPhase;
			buildActionMask = 2147483647;
			files = (
			);
			runOnlyForDeploymentPostprocessing = 0;
		};
/* End PBXFrameworksBuildPhase section */

/* Begin PBXGroup section */
		D26E6F3B2BAC2434001C797C = {
			isa = PBXGroup;
			children = (
				D26E6F462BAC2434001C797C /* ChiliLabsTestTask */,
				D26E6F452BAC2434001C797C /* Products */,
			);
			sourceTree = "<group>";
		};
		D26E6F452BAC2434001C797C /* Products */ = {
			isa = PBXGroup;
			children = (
				D26E6F442BAC2434001C797C /* ChiliLabsTestTask.app */,
			);
			name = Products;
			sourceTree = "<group>";
		};
		D26E6F462BAC2434001C797C /* ChiliLabsTestTask */ = {
			isa = PBXGroup;
			children = (
				D26E6F6A2BAC3635001C797C /* ViewModels */,
				D26E6F652BAC2DCE001C797C /* Models */,
				D26E6F642BAC2DBF001C797C /* Views */,
				D26E6F6D2BAC6D2A001C797C /* Utils */,
				D26E6F472BAC2434001C797C /* AppDelegate.swift */,
				D26E6F492BAC2434001C797C /* SceneDelegate.swift */,
				D26E6F4B2BAC2434001C797C /* ViewController.swift */,
				D26E6F4D2BAC2435001C797C /* Main.storyboard */,
				D26E6F502BAC2436001C797C /* Assets.xcassets */,
				D26E6F522BAC2436001C797C /* LaunchScreen.storyboard */,
				D26E6F552BAC2436001C797C /* Info.plist */,
				D26E6F752BAC6DAD001C797C /* GiphyAPI */,
			);
			path = ChiliLabsTestTask;
			sourceTree = "<group>";
		};
		D26E6F5D2BAC2555001C797C /* Extensions */ = {
			isa = PBXGroup;
			children = (
				D26E6F5E2BAC2566001C797C /* UIView+Extensions.swift */,
				D26E6F602BAC258D001C797C /* UIViewController+Extensions.swift */,
				D26E6F622BAC2BB1001C797C /* UIImageView+Extensions.swift */,
			);
			path = Extensions;
			sourceTree = "<group>";
		};
		D26E6F642BAC2DBF001C797C /* Views */ = {
			isa = PBXGroup;
			children = (
				D26E6F5B2BAC24C2001C797C /* MainViewController.swift */,
				D26E6F782BAC8434001C797C /* GiphyViewCell.swift */,
			);
			path = Views;
			sourceTree = "<group>";
		};
		D26E6F652BAC2DCE001C797C /* Models */ = {
			isa = PBXGroup;
			children = (
				D26E6F662BAC2DE0001C797C /* GiphyResponse.swift */,
			);
			path = Models;
			sourceTree = "<group>";
		};
		D26E6F6A2BAC3635001C797C /* ViewModels */ = {
			isa = PBXGroup;
			children = (
				D26E6F6B2BAC3644001C797C /* GiphyViewModel.swift */,
			);
			path = ViewModels;
			sourceTree = "<group>";
		};
		D26E6F6D2BAC6D2A001C797C /* Utils */ = {
			isa = PBXGroup;
			children = (
				D26E6F5D2BAC2555001C797C /* Extensions */,
				D26E6F742BAC6D9A001C797C /* Logger */,
			);
			path = Utils;
			sourceTree = "<group>";
		};
		D26E6F742BAC6D9A001C797C /* Logger */ = {
			isa = PBXGroup;
			children = (
				D26E6F6E2BAC6D34001C797C /* DebugLogger.swift */,
				D26E6F702BAC6D6E001C797C /* LogPlace.swift */,
				D26E6F722BAC6D8A001C797C /* LogType.swift */,
			);
			path = Logger;
			sourceTree = "<group>";
		};
		D26E6F752BAC6DAD001C797C /* GiphyAPI */ = {
			isa = PBXGroup;
			children = (
				D26E6F682BAC318E001C797C /* GiphyLoaderService.swift */,
				D26E6F762BAC6DC8001C797C /* LinkBuilder.swift */,
			);
			path = GiphyAPI;
			sourceTree = "<group>";
		};
/* End PBXGroup section */

/* Begin PBXNativeTarget section */
		D26E6F432BAC2434001C797C /* ChiliLabsTestTask */ = {
			isa = PBXNativeTarget;
			buildConfigurationList = D26E6F582BAC2436001C797C /* Build configuration list for PBXNativeTarget "ChiliLabsTestTask" */;
			buildPhases = (
				D26E6F402BAC2434001C797C /* Sources */,
				D26E6F412BAC2434001C797C /* Frameworks */,
				D26E6F422BAC2434001C797C /* Resources */,
			);
			buildRules = (
			);
			dependencies = (
			);
			name = ChiliLabsTestTask;
			productName = ChiliLabsTestTask;
			productReference = D26E6F442BAC2434001C797C /* ChiliLabsTestTask.app */;
			productType = "com.apple.product-type.application";
		};
/* End PBXNativeTarget section */

/* Begin PBXProject section */
		D26E6F3C2BAC2434001C797C /* Project object */ = {
			isa = PBXProject;
			attributes = {
				BuildIndependentTargetsInParallel = 1;
				LastSwiftUpdateCheck = 1520;
				LastUpgradeCheck = 1520;
				TargetAttributes = {
					D26E6F432BAC2434001C797C = {
						CreatedOnToolsVersion = 15.2;
					};
				};
			};
			buildConfigurationList = D26E6F3F2BAC2434001C797C /* Build configuration list for PBXProject "ChiliLabsTestTask" */;
			compatibilityVersion = "Xcode 14.0";
			developmentRegion = en;
			hasScannedForEncodings = 0;
			knownRegions = (
				en,
				Base,
			);
			mainGroup = D26E6F3B2BAC2434001C797C;
			productRefGroup = D26E6F452BAC2434001C797C /* Products */;
			projectDirPath = "";
			projectRoot = "";
			targets = (
				D26E6F432BAC2434001C797C /* ChiliLabsTestTask */,
			);
		};
/* End PBXProject section */

/* Begin PBXResourcesBuildPhase section */
		D26E6F422BAC2434001C797C /* Resources */ = {
			isa = PBXResourcesBuildPhase;
			buildActionMask = 2147483647;
			files = (
				D26E6F542BAC2436001C797C /* LaunchScreen.storyboard in Resources */,
				D26E6F512BAC2436001C797C /* Assets.xcassets in Resources */,
				D26E6F4F2BAC2435001C797C /* Main.storyboard in Resources */,
			);
			runOnlyForDeploymentPostprocessing = 0;
		};
/* End PBXResourcesBuildPhase section */

/* Begin PBXSourcesBuildPhase section */
		D26E6F402BAC2434001C797C /* Sources */ = {
			isa = PBXSourcesBuildPhase;
			buildActionMask = 2147483647;
			files = (
				D26E6F712BAC6D6E001C797C /* LogPlace.swift in Sources */,
				D26E6F4C2BAC2434001C797C /* ViewController.swift in Sources */,
				D26E6F632BAC2BB1001C797C /* UIImageView+Extensions.swift in Sources */,
				D26E6F6C2BAC3644001C797C /* GiphyViewModel.swift in Sources */,
				D26E6F732BAC6D8A001C797C /* LogType.swift in Sources */,
				D26E6F482BAC2434001C797C /* AppDelegate.swift in Sources */,
				D26E6F5F2BAC2566001C797C /* UIView+Extensions.swift in Sources */,
				D26E6F4A2BAC2434001C797C /* SceneDelegate.swift in Sources */,
				D26E6F772BAC6DC8001C797C /* LinkBuilder.swift in Sources */,
				D26E6F692BAC318E001C797C /* GiphyLoaderService.swift in Sources */,
				D26E6F612BAC258D001C797C /* UIViewController+Extensions.swift in Sources */,
				D26E6F6F2BAC6D34001C797C /* DebugLogger.swift in Sources */,
				D26E6F672BAC2DE0001C797C /* GiphyResponse.swift in Sources */,
				D26E6F792BAC8434001C797C /* GiphyViewCell.swift in Sources */,
				D26E6F5C2BAC24C2001C797C /* MainViewController.swift in Sources */,
			);
			runOnlyForDeploymentPostprocessing = 0;
		};
/* End PBXSourcesBuildPhase section */

/* Begin PBXVariantGroup section */
		D26E6F4D2BAC2435001C797C /* Main.storyboard */ = {
			isa = PBXVariantGroup;
			children = (
				D26E6F4E2BAC2435001C797C /* Base */,
			);
			name = Main.storyboard;
			sourceTree = "<group>";
		};
		D26E6F522BAC2436001C797C /* LaunchScreen.storyboard */ = {
			isa = PBXVariantGroup;
			children = (
				D26E6F532BAC2436001C797C /* Base */,
			);
			name = LaunchScreen.storyboard;
			sourceTree = "<group>";
		};
/* End PBXVariantGroup section */

/* Begin XCBuildConfiguration section */
		D26E6F562BAC2436001C797C /* Debug */ = {
			isa = XCBuildConfiguration;
			buildSettings = {
				ALWAYS_SEARCH_USER_PATHS = NO;
				ASSETCATALOG_COMPILER_GENERATE_SWIFT_ASSET_SYMBOL_EXTENSIONS = YES;
				CLANG_ANALYZER_NONNULL = YES;
				CLANG_ANALYZER_NUMBER_OBJECT_CONVERSION = YES_AGGRESSIVE;
				CLANG_CXX_LANGUAGE_STANDARD = "gnu++20";
				CLANG_ENABLE_MODULES = YES;
				CLANG_ENABLE_OBJC_ARC = YES;
				CLANG_ENABLE_OBJC_WEAK = YES;
				CLANG_WARN_BLOCK_CAPTURE_AUTORELEASING = YES;
				CLANG_WARN_BOOL_CONVERSION = YES;
				CLANG_WARN_COMMA = YES;
				CLANG_WARN_CONSTANT_CONVERSION = YES;
				CLANG_WARN_DEPRECATED_OBJC_IMPLEMENTATIONS = YES;
				CLANG_WARN_DIRECT_OBJC_ISA_USAGE = YES_ERROR;
				CLANG_WARN_DOCUMENTATION_COMMENTS = YES;
				CLANG_WARN_EMPTY_BODY = YES;
				CLANG_WARN_ENUM_CONVERSION = YES;
				CLANG_WARN_INFINITE_RECURSION = YES;
				CLANG_WARN_INT_CONVERSION = YES;
				CLANG_WARN_NON_LITERAL_NULL_CONVERSION = YES;
				CLANG_WARN_OBJC_IMPLICIT_RETAIN_SELF = YES;
				CLANG_WARN_OBJC_LITERAL_CONVERSION = YES;
				CLANG_WARN_OBJC_ROOT_CLASS = YES_ERROR;
				CLANG_WARN_QUOTED_INCLUDE_IN_FRAMEWORK_HEADER = YES;
				CLANG_WARN_RANGE_LOOP_ANALYSIS = YES;
				CLANG_WARN_STRICT_PROTOTYPES = YES;
				CLANG_WARN_SUSPICIOUS_MOVE = YES;
				CLANG_WARN_UNGUARDED_AVAILABILITY = YES_AGGRESSIVE;
				CLANG_WARN_UNREACHABLE_CODE = YES;
				CLANG_WARN__DUPLICATE_METHOD_MATCH = YES;
				COPY_PHASE_STRIP = NO;
				DEBUG_INFORMATION_FORMAT = dwarf;
				ENABLE_STRICT_OBJC_MSGSEND = YES;
				ENABLE_TESTABILITY = YES;
				ENABLE_USER_SCRIPT_SANDBOXING = YES;
				GCC_C_LANGUAGE_STANDARD = gnu17;
				GCC_DYNAMIC_NO_PIC = NO;
				GCC_NO_COMMON_BLOCKS = YES;
				GCC_OPTIMIZATION_LEVEL = 0;
				GCC_PREPROCESSOR_DEFINITIONS = (
					"DEBUG=1",
					"$(inherited)",
				);
				GCC_WARN_64_TO_32_BIT_CONVERSION = YES;
				GCC_WARN_ABOUT_RETURN_TYPE = YES_ERROR;
				GCC_WARN_UNDECLARED_SELECTOR = YES;
				GCC_WARN_UNINITIALIZED_AUTOS = YES_AGGRESSIVE;
				GCC_WARN_UNUSED_FUNCTION = YES;
				GCC_WARN_UNUSED_VARIABLE = YES;
				IPHONEOS_DEPLOYMENT_TARGET = 17.2;
				LOCALIZATION_PREFERS_STRING_CATALOGS = YES;
				MTL_ENABLE_DEBUG_INFO = INCLUDE_SOURCE;
				MTL_FAST_MATH = YES;
				ONLY_ACTIVE_ARCH = YES;
				SDKROOT = iphoneos;
				SWIFT_ACTIVE_COMPILATION_CONDITIONS = "DEBUG $(inherited)";
				SWIFT_OPTIMIZATION_LEVEL = "-Onone";
			};
			name = Debug;
		};
		D26E6F572BAC2436001C797C /* Release */ = {
			isa = XCBuildConfiguration;
			buildSettings = {
				ALWAYS_SEARCH_USER_PATHS = NO;
				ASSETCATALOG_COMPILER_GENERATE_SWIFT_ASSET_SYMBOL_EXTENSIONS = YES;
				CLANG_ANALYZER_NONNULL = YES;
				CLANG_ANALYZER_NUMBER_OBJECT_CONVERSION = YES_AGGRESSIVE;
				CLANG_CXX_LANGUAGE_STANDARD = "gnu++20";
				CLANG_ENABLE_MODULES = YES;
				CLANG_ENABLE_OBJC_ARC = YES;
				CLANG_ENABLE_OBJC_WEAK = YES;
				CLANG_WARN_BLOCK_CAPTURE_AUTORELEASING = YES;
				CLANG_WARN_BOOL_CONVERSION = YES;
				CLANG_WARN_COMMA = YES;
				CLANG_WARN_CONSTANT_CONVERSION = YES;
				CLANG_WARN_DEPRECATED_OBJC_IMPLEMENTATIONS = YES;
				CLANG_WARN_DIRECT_OBJC_ISA_USAGE = YES_ERROR;
				CLANG_WARN_DOCUMENTATION_COMMENTS = YES;
				CLANG_WARN_EMPTY_BODY = YES;
				CLANG_WARN_ENUM_CONVERSION = YES;
				CLANG_WARN_INFINITE_RECURSION = YES;
				CLANG_WARN_INT_CONVERSION = YES;
				CLANG_WARN_NON_LITERAL_NULL_CONVERSION = YES;
				CLANG_WARN_OBJC_IMPLICIT_RETAIN_SELF = YES;
				CLANG_WARN_OBJC_LITERAL_CONVERSION = YES;
				CLANG_WARN_OBJC_ROOT_CLASS = YES_ERROR;
				CLANG_WARN_QUOTED_INCLUDE_IN_FRAMEWORK_HEADER = YES;
				CLANG_WARN_RANGE_LOOP_ANALYSIS = YES;
				CLANG_WARN_STRICT_PROTOTYPES = YES;
				CLANG_WARN_SUSPICIOUS_MOVE = YES;
				CLANG_WARN_UNGUARDED_AVAILABILITY = YES_AGGRESSIVE;
				CLANG_WARN_UNREACHABLE_CODE = YES;
				CLANG_WARN__DUPLICATE_METHOD_MATCH = YES;
				COPY_PHASE_STRIP = NO;
				DEBUG_INFORMATION_FORMAT = "dwarf-with-dsym";
				ENABLE_NS_ASSERTIONS = NO;
				ENABLE_STRICT_OBJC_MSGSEND = YES;
				ENABLE_USER_SCRIPT_SANDBOXING = YES;
				GCC_C_LANGUAGE_STANDARD = gnu17;
				GCC_NO_COMMON_BLOCKS = YES;
				GCC_WARN_64_TO_32_BIT_CONVERSION = YES;
				GCC_WARN_ABOUT_RETURN_TYPE = YES_ERROR;
				GCC_WARN_UNDECLARED_SELECTOR = YES;
				GCC_WARN_UNINITIALIZED_AUTOS = YES_AGGRESSIVE;
				GCC_WARN_UNUSED_FUNCTION = YES;
				GCC_WARN_UNUSED_VARIABLE = YES;
				IPHONEOS_DEPLOYMENT_TARGET = 17.2;
				LOCALIZATION_PREFERS_STRING_CATALOGS = YES;
				MTL_ENABLE_DEBUG_INFO = NO;
				MTL_FAST_MATH = YES;
				SDKROOT = iphoneos;
				SWIFT_COMPILATION_MODE = wholemodule;
				VALIDATE_PRODUCT = YES;
			};
			name = Release;
		};
		D26E6F592BAC2436001C797C /* Debug */ = {
			isa = XCBuildConfiguration;
			buildSettings = {
				ASSETCATALOG_COMPILER_APPICON_NAME = AppIcon;
				ASSETCATALOG_COMPILER_GLOBAL_ACCENT_COLOR_NAME = AccentColor;
				CODE_SIGN_STYLE = Automatic;
				CURRENT_PROJECT_VERSION = 1;
				GENERATE_INFOPLIST_FILE = YES;
				INFOPLIST_FILE = ChiliLabsTestTask/Info.plist;
				INFOPLIST_KEY_UIApplicationSupportsIndirectInputEvents = YES;
				INFOPLIST_KEY_UILaunchStoryboardName = LaunchScreen;
				INFOPLIST_KEY_UIMainStoryboardFile = Main;
				INFOPLIST_KEY_UISupportedInterfaceOrientations_iPad = "UIInterfaceOrientationPortrait UIInterfaceOrientationPortraitUpsideDown UIInterfaceOrientationLandscapeLeft UIInterfaceOrientationLandscapeRight";
				INFOPLIST_KEY_UISupportedInterfaceOrientations_iPhone = "UIInterfaceOrientationPortrait UIInterfaceOrientationLandscapeLeft UIInterfaceOrientationLandscapeRight";
				LD_RUNPATH_SEARCH_PATHS = (
					"$(inherited)",
					"@executable_path/Frameworks",
				);
				MARKETING_VERSION = 1.0;
				PRODUCT_BUNDLE_IDENTIFIER = TobiasFate.ChiliLabsTestTask;
				PRODUCT_NAME = "$(TARGET_NAME)";
				SUPPORTED_PLATFORMS = "iphoneos iphonesimulator";
				SUPPORTS_MACCATALYST = NO;
				SUPPORTS_XR_DESIGNED_FOR_IPHONE_IPAD = NO;
				SWIFT_EMIT_LOC_STRINGS = YES;
				SWIFT_VERSION = 5.0;
				TARGETED_DEVICE_FAMILY = "1,2";
			};
			name = Debug;
		};
		D26E6F5A2BAC2436001C797C /* Release */ = {
			isa = XCBuildConfiguration;
			buildSettings = {
				ASSETCATALOG_COMPILER_APPICON_NAME = AppIcon;
				ASSETCATALOG_COMPILER_GLOBAL_ACCENT_COLOR_NAME = AccentColor;
				CODE_SIGN_STYLE = Automatic;
				CURRENT_PROJECT_VERSION = 1;
				GENERATE_INFOPLIST_FILE = YES;
				INFOPLIST_FILE = ChiliLabsTestTask/Info.plist;
				INFOPLIST_KEY_UIApplicationSupportsIndirectInputEvents = YES;
				INFOPLIST_KEY_UILaunchStoryboardName = LaunchScreen;
				INFOPLIST_KEY_UIMainStoryboardFile = Main;
				INFOPLIST_KEY_UISupportedInterfaceOrientations_iPad = "UIInterfaceOrientationPortrait UIInterfaceOrientationPortraitUpsideDown UIInterfaceOrientationLandscapeLeft UIInterfaceOrientationLandscapeRight";
				INFOPLIST_KEY_UISupportedInterfaceOrientations_iPhone = "UIInterfaceOrientationPortrait UIInterfaceOrientationLandscapeLeft UIInterfaceOrientationLandscapeRight";
				LD_RUNPATH_SEARCH_PATHS = (
					"$(inherited)",
					"@executable_path/Frameworks",
				);
				MARKETING_VERSION = 1.0;
				PRODUCT_BUNDLE_IDENTIFIER = TobiasFate.ChiliLabsTestTask;
				PRODUCT_NAME = "$(TARGET_NAME)";
				SUPPORTED_PLATFORMS = "iphoneos iphonesimulator";
				SUPPORTS_MACCATALYST = NO;
				SUPPORTS_XR_DESIGNED_FOR_IPHONE_IPAD = NO;
				SWIFT_EMIT_LOC_STRINGS = YES;
				SWIFT_VERSION = 5.0;
				TARGETED_DEVICE_FAMILY = "1,2";
			};
			name = Release;
		};
/* End XCBuildConfiguration section */

/* Begin XCConfigurationList section */
		D26E6F3F2BAC2434001C797C /* Build configuration list for PBXProject "ChiliLabsTestTask" */ = {
			isa = XCConfigurationList;
			buildConfigurations = (
				D26E6F562BAC2436001C797C /* Debug */,
				D26E6F572BAC2436001C797C /* Release */,
			);
			defaultConfigurationIsVisible = 0;
			defaultConfigurationName = Release;
		};
		D26E6F582BAC2436001C797C /* Build configuration list for PBXNativeTarget "ChiliLabsTestTask" */ = {
			isa = XCConfigurationList;
			buildConfigurations = (
				D26E6F592BAC2436001C797C /* Debug */,
				D26E6F5A2BAC2436001C797C /* Release */,
			);
			defaultConfigurationIsVisible = 0;
			defaultConfigurationName = Release;
		};
/* End XCConfigurationList section */
	};
	rootObject = D26E6F3C2BAC2434001C797C /* Project object */;
}
